github.com/szyhf/go-convert v1.0.0 h1:L49o5JLMPzXYRggFqwNEzDw1gAQktpyWfKZqcPzEmX8=
github.com/szyhf/go-convert v1.0.0/go.mod h1:BgotSGjAF33Z4fcU/fe8OPYZoo6mKiBiKvJ+FVih5UM=
github.com/szyhf/go-excel v1.5.1 h1:LfTRZc4PS/mmei7wNdeKkC52GJi7fSPpYFhMBgKEnGw=
github.com/szyhf/go-excel v1.5.1/go.mod h1:W7GkeorrNkBXQRwwY66+fuH9sJqcU8ahcBMJF5A64pY=
